
Microsoft Visual Studio Solution File, Format Version 12.00
# Visual Studio Version 17
VisualStudioVersion = 17.14.36616.10 d17.14
MinimumVisualStudioVersion = 10.0.40219.1
Project("{FAE04EC0-301F-11D3-BF4B-00C04F79EFBC}") = "Academia-Comercio", "Academia-Comercio\Academia-Comercio.csproj", "{C154FEE3-1155-467E-A0F9-157A2A54D43E}"
EndProject
Global
	GlobalSection(SolutionConfigurationPlatforms) = preSolution
		Debug|Any CPU = Debug|Any CPU
		Release|Any CPU = Release|Any CPU
	EndGlobalSection
	GlobalSection(ProjectConfigurationPlatforms) = postSolution
		{C154FEE3-1155-467E-A0F9-157A2A54D43E}.Debug|Any CPU.ActiveCfg = Debug|Any CPU
		{C154FEE3-1155-467E-A0F9-157A2A54D43E}.Debug|Any CPU.Build.0 = Debug|Any CPU
		{C154FEE3-1155-467E-A0F9-157A2A54D43E}.Release|Any CPU.ActiveCfg = Release|Any CPU
		{C154FEE3-1155-467E-A0F9-157A2A54D43E}.Release|Any CPU.Build.0 = Release|Any CPU
	EndGlobalSection
	GlobalSection(SolutionProperties) = preSolution
		HideSolutionNode = FALSE
	EndGlobalSection
	GlobalSection(ExtensibilityGlobals) = postSolution
		SolutionGuid = {4003E7A1-6090-4C3A-8C09-C6E5DCF3FF0E}
	EndGlobalSection
EndGlobal
